
Microsoft Visual Studio Solution File, Format Version 12.00
# Visual Studio Version 17
VisualStudioVersion = 17.1.32421.90
MinimumVisualStudioVersion = 10.0.40219.1
Project("{FAE04EC0-301F-11D3-BF4B-00C04F79EFBC}") = "Csharp-geometria", "Csharp-geometria.csproj", "{A76C2232-DB44-46B9-B0BA-BC782A933308}"
EndProject
Global
	GlobalSection(SolutionConfigurationPlatforms) = preSolution
		Debug|Any CPU = Debug|Any CPU
		Release|Any CPU = Release|Any CPU
	EndGlobalSection
	GlobalSection(ProjectConfigurationPlatforms) = postSolution
		{A76C2232-DB44-46B9-B0BA-BC782A933308}.Debug|Any CPU.ActiveCfg = Debug|Any CPU
		{A76C2232-DB44-46B9-B0BA-BC782A933308}.Debug|Any CPU.Build.0 = Debug|Any CPU
		{A76C2232-DB44-46B9-B0BA-BC782A933308}.Release|Any CPU.ActiveCfg = Release|Any CPU
		{A76C2232-DB44-46B9-B0BA-BC782A933308}.Release|Any CPU.Build.0 = Release|Any CPU
	EndGlobalSection
	GlobalSection(SolutionProperties) = preSolution
		HideSolutionNode = FALSE
	EndGlobalSection
	GlobalSection(ExtensibilityGlobals) = postSolution
		SolutionGuid = {C6236496-58C9-403E-9A90-87A0A5D5D4A2}
	EndGlobalSection
EndGlobal
